{
  "name": "workspace",
  "version": "1.0.0",
  "lockfileVersion": 3,
  "requires": true,
  "packages": {
    "": {
      "name": "workspace",
      "version": "1.0.0",
      "license": "ISC",
      "dependencies": {
        "@types/animejs": "^3.1.13",
        "animejs": "^4.1.1"
      },
      "devDependencies": {}
    },
    "node_modules/@types/animejs": {
      "version": "3.1.13",
      "resolved": "https://registry.npmjs.org/@types/animejs/-/animejs-3.1.13.tgz",
      "integrity": "sha512-yWg9l1z7CAv/TKpty4/vupEh24jDGUZXv4r26StRkpUPQm04ztJaftgpto8vwdFs8SiTq6XfaPKCSI+wjzNMvQ==",
      "license": "MIT"
    },
    "node_modules/animejs": {
      "version": "4.1.1",
      "resolved": "https://registry.npmjs.org/animejs/-/animejs-4.1.1.tgz",
      "integrity": "sha512-IQiV/Mxg5/ViKlRPGUYcZzj9Me6zQRTQQOTtNTXEEVY4VjeokGjGxpKjaBf7nO+q/kgaqC2HKfUlawGvvnrPwQ==",
      "license": "MIT"
    }
  }
}
